
Microsoft Visual Studio Solution File, Format Version 12.00
Project("{FAE04EC0-301F-11D3-BF4B-00C04F79EFBC}") = "WebApi", "WebApi\WebApi.csproj", "{C57D7563-B945-47D1-95C1-6A5316B168B0}"
EndProject
Project("{FAE04EC0-301F-11D3-BF4B-00C04F79EFBC}") = "Domain", "Domain\Domain.csproj", "{92B00AE8-CE2C-47F3-99D2-0A07DE0146D8}"
EndProject
Project("{2150E333-8FDC-42A3-9474-1A3956D46DE8}") = "src", "src", "{73F7247E-3DF3-4E9E-933A-0C35A6C53E9B}"
EndProject
Project("{2150E333-8FDC-42A3-9474-1A3956D46DE8}") = "tests", "tests", "{9B91AB65-68C3-456A-B4B1-7F52FF10D688}"
EndProject
Project("{FAE04EC0-301F-11D3-BF4B-00C04F79EFBC}") = "DomainTests", "DomainTests\DomainTests.csproj", "{9EF43423-34D9-4FC2-8B16-5AFBCB151241}"
EndProject
Project("{FAE04EC0-301F-11D3-BF4B-00C04F79EFBC}") = "WebApiTests", "WebApiTests\WebApiTests.csproj", "{0B434C4E-11B0-42E7-B112-7FEBE2D8CC98}"
EndProject
Global
	GlobalSection(SolutionConfigurationPlatforms) = preSolution
		Debug|Any CPU = Debug|Any CPU
		Release|Any CPU = Release|Any CPU
	EndGlobalSection
	GlobalSection(ProjectConfigurationPlatforms) = postSolution
		{C57D7563-B945-47D1-95C1-6A5316B168B0}.Debug|Any CPU.ActiveCfg = Debug|Any CPU
		{C57D7563-B945-47D1-95C1-6A5316B168B0}.Debug|Any CPU.Build.0 = Debug|Any CPU
		{C57D7563-B945-47D1-95C1-6A5316B168B0}.Release|Any CPU.ActiveCfg = Release|Any CPU
		{C57D7563-B945-47D1-95C1-6A5316B168B0}.Release|Any CPU.Build.0 = Release|Any CPU
		{92B00AE8-CE2C-47F3-99D2-0A07DE0146D8}.Debug|Any CPU.ActiveCfg = Debug|Any CPU
		{92B00AE8-CE2C-47F3-99D2-0A07DE0146D8}.Debug|Any CPU.Build.0 = Debug|Any CPU
		{92B00AE8-CE2C-47F3-99D2-0A07DE0146D8}.Release|Any CPU.ActiveCfg = Release|Any CPU
		{92B00AE8-CE2C-47F3-99D2-0A07DE0146D8}.Release|Any CPU.Build.0 = Release|Any CPU
		{9EF43423-34D9-4FC2-8B16-5AFBCB151241}.Debug|Any CPU.ActiveCfg = Debug|Any CPU
		{9EF43423-34D9-4FC2-8B16-5AFBCB151241}.Debug|Any CPU.Build.0 = Debug|Any CPU
		{9EF43423-34D9-4FC2-8B16-5AFBCB151241}.Release|Any CPU.ActiveCfg = Release|Any CPU
		{9EF43423-34D9-4FC2-8B16-5AFBCB151241}.Release|Any CPU.Build.0 = Release|Any CPU
		{0B434C4E-11B0-42E7-B112-7FEBE2D8CC98}.Debug|Any CPU.ActiveCfg = Debug|Any CPU
		{0B434C4E-11B0-42E7-B112-7FEBE2D8CC98}.Debug|Any CPU.Build.0 = Debug|Any CPU
		{0B434C4E-11B0-42E7-B112-7FEBE2D8CC98}.Release|Any CPU.ActiveCfg = Release|Any CPU
		{0B434C4E-11B0-42E7-B112-7FEBE2D8CC98}.Release|Any CPU.Build.0 = Release|Any CPU
	EndGlobalSection
	GlobalSection(NestedProjects) = preSolution
		{92B00AE8-CE2C-47F3-99D2-0A07DE0146D8} = {73F7247E-3DF3-4E9E-933A-0C35A6C53E9B}
		{C57D7563-B945-47D1-95C1-6A5316B168B0} = {73F7247E-3DF3-4E9E-933A-0C35A6C53E9B}
		{9EF43423-34D9-4FC2-8B16-5AFBCB151241} = {9B91AB65-68C3-456A-B4B1-7F52FF10D688}
		{0B434C4E-11B0-42E7-B112-7FEBE2D8CC98} = {9B91AB65-68C3-456A-B4B1-7F52FF10D688}
	EndGlobalSection
EndGlobal
